
Microsoft Visual Studio Solution File, Format Version 12.00
# Visual Studio Version 17
VisualStudioVersion = 17.8.34330.188
MinimumVisualStudioVersion = 10.0.40219.1
Project("{FAE04EC0-301F-11D3-BF4B-00C04F79EFBC}") = "UcenjeCS", "UcenjeCS\UcenjeCS.csproj", "{1122987C-97BF-4D34-95A7-11D67746920E}"
EndProject
Project("{FAE04EC0-301F-11D3-BF4B-00C04F79EFBC}") = "WebAPI", "WebAPI\WebAPI.csproj", "{19BCDCF3-8015-4614-AE3A-49411FBBB109}"
EndProject
Global
	GlobalSection(SolutionConfigurationPlatforms) = preSolution
		Debug|Any CPU = Debug|Any CPU
		Release|Any CPU = Release|Any CPU
	EndGlobalSection
	GlobalSection(ProjectConfigurationPlatforms) = postSolution
		{1122987C-97BF-4D34-95A7-11D67746920E}.Debug|Any CPU.ActiveCfg = Debug|Any CPU
		{1122987C-97BF-4D34-95A7-11D67746920E}.Debug|Any CPU.Build.0 = Debug|Any CPU
		{1122987C-97BF-4D34-95A7-11D67746920E}.Release|Any CPU.ActiveCfg = Release|Any CPU
		{1122987C-97BF-4D34-95A7-11D67746920E}.Release|Any CPU.Build.0 = Release|Any CPU
		{19BCDCF3-8015-4614-AE3A-49411FBBB109}.Debug|Any CPU.ActiveCfg = Debug|Any CPU
		{19BCDCF3-8015-4614-AE3A-49411FBBB109}.Debug|Any CPU.Build.0 = Debug|Any CPU
		{19BCDCF3-8015-4614-AE3A-49411FBBB109}.Release|Any CPU.ActiveCfg = Release|Any CPU
		{19BCDCF3-8015-4614-AE3A-49411FBBB109}.Release|Any CPU.Build.0 = Release|Any CPU
	EndGlobalSection
	GlobalSection(SolutionProperties) = preSolution
		HideSolutionNode = FALSE
	EndGlobalSection
	GlobalSection(ExtensibilityGlobals) = postSolution
		SolutionGuid = {F032FF97-DEF5-48D4-A7F5-4D9BACD2DE54}
	EndGlobalSection
EndGlobal
